
Microsoft Visual Studio Solution File, Format Version 12.00
# Visual Studio Version 16
VisualStudioVersion = 16.0.28922.388
MinimumVisualStudioVersion = 10.0.40219.1
Project("{FAE04EC0-301F-11D3-BF4B-00C04F79EFBC}") = "NiFi.Swagger", "NiFi.Swagger.csproj", "{B2551395-4D42-49E1-B061-8F7E2FF9987C}"
EndProject
Global
	GlobalSection(SolutionConfigurationPlatforms) = preSolution
		Debug|Any CPU = Debug|Any CPU
		Release|Any CPU = Release|Any CPU
	EndGlobalSection
	GlobalSection(ProjectConfigurationPlatforms) = postSolution
		{B2551395-4D42-49E1-B061-8F7E2FF9987C}.Debug|Any CPU.ActiveCfg = Debug|Any CPU
		{B2551395-4D42-49E1-B061-8F7E2FF9987C}.Debug|Any CPU.Build.0 = Debug|Any CPU
		{B2551395-4D42-49E1-B061-8F7E2FF9987C}.Release|Any CPU.ActiveCfg = Release|Any CPU
		{B2551395-4D42-49E1-B061-8F7E2FF9987C}.Release|Any CPU.Build.0 = Release|Any CPU
	EndGlobalSection
	GlobalSection(SolutionProperties) = preSolution
		HideSolutionNode = FALSE
	EndGlobalSection
	GlobalSection(ExtensibilityGlobals) = postSolution
		SolutionGuid = {C4BBE553-7300-4670-804B-CE5C0428BF2E}
	EndGlobalSection
EndGlobal
